# THIS IS AN AUTOGENERATED FILE. DO NOT EDIT THIS FILE DIRECTLY.
# yarn lockfile v1


imagemagick@^0.1.3:
  version "0.1.3"
  resolved "https://registry.yarnpkg.com/imagemagick/-/imagemagick-0.1.3.tgz#7483cea093b4d9f2e2f396857adc8821b537c56a"
  integrity sha512-HIwwW10UdwsWcHETt5BPrnEkaJSFLiW1dYDlPYV0EXyj2zJY28iXimPWlZDsOpxVghmF5EuUjYOvJZhZS4Y10g==

uuid@^8.3.2:
  version "8.3.2"
  resolved "https://registry.yarnpkg.com/uuid/-/uuid-8.3.2.tgz#80d5b5ced271bb9af6c445f21a1a04c606cefbe2"
  integrity sha512-+NYs2QeMWy+GWFOEm9xnn6HCDp0l7QBD7ml8zLUmJ+93Q5NF0NocErnwkTkXVFNiX3/fpC6afS8Dhb/gz7R7eg==

webp-converter@^2.3.3:
  version "2.3.3"
  resolved "https://registry.yarnpkg.com/webp-converter/-/webp-converter-2.3.3.tgz#fd7a0620c71749370e2795930092703beb386575"
  integrity sha512-2p4XvPCIQ/CbUztEFA9vdkILVrRTdMtMxFpQTxlnPc3qx14MV5wnpVvK7m6pG70QdeL+Ser0+Tp843ONwh8VbQ==
  dependencies:
    uuid "^8.3.2"
